// !$*UTF8*$!
{
	archiveVersion = 1;
	classes = {
	};
	objectVersion = 56;
	objects = {

/* Begin PBXBuildFile section */
		32EB37202B306CF20047F00C /* AppDelegate.swift in Sources */ = {isa = PBXBuildFile; fileRef = 32EB371F2B306CF20047F00C /* AppDelegate.swift */; };
		32EB37222B306CF20047F00C /* SceneDelegate.swift in Sources */ = {isa = PBXBuildFile; fileRef = 32EB37212B306CF20047F00C /* SceneDelegate.swift */; };
		32EB37242B306CF20047F00C /* RMTabBarController.swift in Sources */ = {isa = PBXBuildFile; fileRef = 32EB37232B306CF20047F00C /* RMTabBarController.swift */; };
		32EB37292B306CF30047F00C /* Assets.xcassets in Resources */ = {isa = PBXBuildFile; fileRef = 32EB37282B306CF30047F00C /* Assets.xcassets */; };
		32EB372C2B306CF30047F00C /* LaunchScreen.storyboard in Resources */ = {isa = PBXBuildFile; fileRef = 32EB372A2B306CF30047F00C /* LaunchScreen.storyboard */; };
		32EB373B2B306F8A0047F00C /* RMLocation.swift in Sources */ = {isa = PBXBuildFile; fileRef = 32EB373A2B306F8A0047F00C /* RMLocation.swift */; };
		32EB373D2B306F9B0047F00C /* RMCharacter.swift in Sources */ = {isa = PBXBuildFile; fileRef = 32EB373C2B306F9B0047F00C /* RMCharacter.swift */; };
		32EB373F2B306FB50047F00C /* RMEpisode.swift in Sources */ = {isa = PBXBuildFile; fileRef = 32EB373E2B306FB50047F00C /* RMEpisode.swift */; };
		32EB37422B3070CC0047F00C /* RMCharacterViewController.swift in Sources */ = {isa = PBXBuildFile; fileRef = 32EB37412B3070CC0047F00C /* RMCharacterViewController.swift */; };
		32EB37442B3070E40047F00C /* RMLocationViewController.swift in Sources */ = {isa = PBXBuildFile; fileRef = 32EB37432B3070E40047F00C /* RMLocationViewController.swift */; };
		32EB37462B3070F60047F00C /* RMEpicodeViewController.swift in Sources */ = {isa = PBXBuildFile; fileRef = 32EB37452B3070F60047F00C /* RMEpicodeViewController.swift */; };
		32EB37482B30710E0047F00C /* RMSettingsViewController.swift in Sources */ = {isa = PBXBuildFile; fileRef = 32EB37472B30710E0047F00C /* RMSettingsViewController.swift */; };
		32EB374A2B307FED0047F00C /* RMService.swift in Sources */ = {isa = PBXBuildFile; fileRef = 32EB37492B307FED0047F00C /* RMService.swift */; };
		32EB374C2B30801F0047F00C /* RMRequest.swift in Sources */ = {isa = PBXBuildFile; fileRef = 32EB374B2B30801F0047F00C /* RMRequest.swift */; };
		32EB374E2B3080D00047F00C /* RMEndpoint.swift in Sources */ = {isa = PBXBuildFile; fileRef = 32EB374D2B3080D00047F00C /* RMEndpoint.swift */; };
/* End PBXBuildFile section */

/* Begin PBXFileReference section */
		32EB371C2B306CF20047F00C /* Rick and Morty.app */ = {isa = PBXFileReference; explicitFileType = wrapper.application; includeInIndex = 0; path = "Rick and Morty.app"; sourceTree = BUILT_PRODUCTS_DIR; };
		32EB371F2B306CF20047F00C /* AppDelegate.swift */ = {isa = PBXFileReference; lastKnownFileType = sourcecode.swift; path = AppDelegate.swift; sourceTree = "<group>"; };
		32EB37212B306CF20047F00C /* SceneDelegate.swift */ = {isa = PBXFileReference; lastKnownFileType = sourcecode.swift; path = SceneDelegate.swift; sourceTree = "<group>"; };
		32EB37232B306CF20047F00C /* RMTabBarController.swift */ = {isa = PBXFileReference; lastKnownFileType = sourcecode.swift; path = RMTabBarController.swift; sourceTree = "<group>"; };
		32EB37282B306CF30047F00C /* Assets.xcassets */ = {isa = PBXFileReference; lastKnownFileType = folder.assetcatalog; path = Assets.xcassets; sourceTree = "<group>"; };
		32EB372B2B306CF30047F00C /* Base */ = {isa = PBXFileReference; lastKnownFileType = file.storyboard; name = Base; path = Base.lproj/LaunchScreen.storyboard; sourceTree = "<group>"; };
		32EB372D2B306CF30047F00C /* Info.plist */ = {isa = PBXFileReference; lastKnownFileType = text.plist.xml; path = Info.plist; sourceTree = "<group>"; };
		32EB373A2B306F8A0047F00C /* RMLocation.swift */ = {isa = PBXFileReference; lastKnownFileType = sourcecode.swift; path = RMLocation.swift; sourceTree = "<group>"; };
		32EB373C2B306F9B0047F00C /* RMCharacter.swift */ = {isa = PBXFileReference; lastKnownFileType = sourcecode.swift; path = RMCharacter.swift; sourceTree = "<group>"; };
		32EB373E2B306FB50047F00C /* RMEpisode.swift */ = {isa = PBXFileReference; lastKnownFileType = sourcecode.swift; path = RMEpisode.swift; sourceTree = "<group>"; };
		32EB37412B3070CC0047F00C /* RMCharacterViewController.swift */ = {isa = PBXFileReference; lastKnownFileType = sourcecode.swift; path = RMCharacterViewController.swift; sourceTree = "<group>"; };
		32EB37432B3070E40047F00C /* RMLocationViewController.swift */ = {isa = PBXFileReference; lastKnownFileType = sourcecode.swift; path = RMLocationViewController.swift; sourceTree = "<group>"; };
		32EB37452B3070F60047F00C /* RMEpicodeViewController.swift */ = {isa = PBXFileReference; lastKnownFileType = sourcecode.swift; path = RMEpicodeViewController.swift; sourceTree = "<group>"; };
		32EB37472B30710E0047F00C /* RMSettingsViewController.swift */ = {isa = PBXFileReference; lastKnownFileType = sourcecode.swift; path = RMSettingsViewController.swift; sourceTree = "<group>"; };
		32EB37492B307FED0047F00C /* RMService.swift */ = {isa = PBXFileReference; lastKnownFileType = sourcecode.swift; path = RMService.swift; sourceTree = "<group>"; };
		32EB374B2B30801F0047F00C /* RMRequest.swift */ = {isa = PBXFileReference; lastKnownFileType = sourcecode.swift; path = RMRequest.swift; sourceTree = "<group>"; };
		32EB374D2B3080D00047F00C /* RMEndpoint.swift */ = {isa = PBXFileReference; lastKnownFileType = sourcecode.swift; path = RMEndpoint.swift; sourceTree = "<group>"; };
/* End PBXFileReference section */

/* Begin PBXFrameworksBuildPhase section */
		32EB37192B306CF20047F00C /* Frameworks */ = {
			isa = PBXFrameworksBuildPhase;
			buildActionMask = 2147483647;
			files = (
			);
			runOnlyForDeploymentPostprocessing = 0;
		};
/* End PBXFrameworksBuildPhase section */

/* Begin PBXGroup section */
		32EB37132B306CF20047F00C = {
			isa = PBXGroup;
			children = (
				32EB371E2B306CF20047F00C /* Rick and Morty */,
				32EB371D2B306CF20047F00C /* Products */,
			);
			sourceTree = "<group>";
		};
		32EB371D2B306CF20047F00C /* Products */ = {
			isa = PBXGroup;
			children = (
				32EB371C2B306CF20047F00C /* Rick and Morty.app */,
			);
			name = Products;
			sourceTree = "<group>";
		};
		32EB371E2B306CF20047F00C /* Rick and Morty */ = {
			isa = PBXGroup;
			children = (
				32EB37392B306EEC0047F00C /* Resources */,
				32EB37382B306EE20047F00C /* Managers */,
				32EB37372B306ED00047F00C /* APIClient */,
				32EB37362B306EC10047F00C /* ViewModels */,
				32EB37352B306EBA0047F00C /* Views */,
				32EB37342B306EB30047F00C /* Models */,
				32EB37332B306EA00047F00C /* Controllers */,
				32EB372D2B306CF30047F00C /* Info.plist */,
			);
			path = "Rick and Morty";
			sourceTree = "<group>";
		};
		32EB37332B306EA00047F00C /* Controllers */ = {
			isa = PBXGroup;
			children = (
				32EB37402B30709E0047F00C /* Core */,
			);
			path = Controllers;
			sourceTree = "<group>";
		};
		32EB37342B306EB30047F00C /* Models */ = {
			isa = PBXGroup;
			children = (
				32EB373A2B306F8A0047F00C /* RMLocation.swift */,
				32EB373C2B306F9B0047F00C /* RMCharacter.swift */,
				32EB373E2B306FB50047F00C /* RMEpisode.swift */,
			);
			path = Models;
			sourceTree = "<group>";
		};
		32EB37352B306EBA0047F00C /* Views */ = {
			isa = PBXGroup;
			children = (
			);
			path = Views;
			sourceTree = "<group>";
		};
		32EB37362B306EC10047F00C /* ViewModels */ = {
			isa = PBXGroup;
			children = (
			);
			path = ViewModels;
			sourceTree = "<group>";
		};
		32EB37372B306ED00047F00C /* APIClient */ = {
			isa = PBXGroup;
			children = (
				32EB37492B307FED0047F00C /* RMService.swift */,
				32EB374B2B30801F0047F00C /* RMRequest.swift */,
				32EB374D2B3080D00047F00C /* RMEndpoint.swift */,
			);
			path = APIClient;
			sourceTree = "<group>";
		};
		32EB37382B306EE20047F00C /* Managers */ = {
			isa = PBXGroup;
			children = (
			);
			path = Managers;
			sourceTree = "<group>";
		};
		32EB37392B306EEC0047F00C /* Resources */ = {
			isa = PBXGroup;
			children = (
				32EB37282B306CF30047F00C /* Assets.xcassets */,
				32EB372A2B306CF30047F00C /* LaunchScreen.storyboard */,
				32EB371F2B306CF20047F00C /* AppDelegate.swift */,
				32EB37212B306CF20047F00C /* SceneDelegate.swift */,
			);
			path = Resources;
			sourceTree = "<group>";
		};
		32EB37402B30709E0047F00C /* Core */ = {
			isa = PBXGroup;
			children = (
				32EB37232B306CF20047F00C /* RMTabBarController.swift */,
				32EB37412B3070CC0047F00C /* RMCharacterViewController.swift */,
				32EB37432B3070E40047F00C /* RMLocationViewController.swift */,
				32EB37452B3070F60047F00C /* RMEpicodeViewController.swift */,
				32EB37472B30710E0047F00C /* RMSettingsViewController.swift */,
			);
			path = Core;
			sourceTree = "<group>";
		};
/* End PBXGroup section */

/* Begin PBXNativeTarget section */
		32EB371B2B306CF20047F00C /* Rick and Morty */ = {
			isa = PBXNativeTarget;
			buildConfigurationList = 32EB37302B306CF30047F00C /* Build configuration list for PBXNativeTarget "Rick and Morty" */;
			buildPhases = (
				32EB37182B306CF20047F00C /* Sources */,
				32EB37192B306CF20047F00C /* Frameworks */,
				32EB371A2B306CF20047F00C /* Resources */,
			);
			buildRules = (
			);
			dependencies = (
			);
			name = "Rick and Morty";
			productName = "Rick and Morty";
			productReference = 32EB371C2B306CF20047F00C /* Rick and Morty.app */;
			productType = "com.apple.product-type.application";
		};
/* End PBXNativeTarget section */

/* Begin PBXProject section */
		32EB37142B306CF20047F00C /* Project object */ = {
			isa = PBXProject;
			attributes = {
				BuildIndependentTargetsInParallel = 1;
				LastSwiftUpdateCheck = 1430;
				LastUpgradeCheck = 1430;
				TargetAttributes = {
					32EB371B2B306CF20047F00C = {
						CreatedOnToolsVersion = 14.3.1;
					};
				};
			};
			buildConfigurationList = 32EB37172B306CF20047F00C /* Build configuration list for PBXProject "Rick and Morty" */;
			compatibilityVersion = "Xcode 14.0";
			developmentRegion = en;
			hasScannedForEncodings = 0;
			knownRegions = (
				en,
				Base,
			);
			mainGroup = 32EB37132B306CF20047F00C;
			productRefGroup = 32EB371D2B306CF20047F00C /* Products */;
			projectDirPath = "";
			projectRoot = "";
			targets = (
				32EB371B2B306CF20047F00C /* Rick and Morty */,
			);
		};
/* End PBXProject section */

/* Begin PBXResourcesBuildPhase section */
		32EB371A2B306CF20047F00C /* Resources */ = {
			isa = PBXResourcesBuildPhase;
			buildActionMask = 2147483647;
			files = (
				32EB372C2B306CF30047F00C /* LaunchScreen.storyboard in Resources */,
				32EB37292B306CF30047F00C /* Assets.xcassets in Resources */,
			);
			runOnlyForDeploymentPostprocessing = 0;
		};
/* End PBXResourcesBuildPhase section */

/* Begin PBXSourcesBuildPhase section */
		32EB37182B306CF20047F00C /* Sources */ = {
			isa = PBXSourcesBuildPhase;
			buildActionMask = 2147483647;
			files = (
				32EB37442B3070E40047F00C /* RMLocationViewController.swift in Sources */,
				32EB373F2B306FB50047F00C /* RMEpisode.swift in Sources */,
				32EB37242B306CF20047F00C /* RMTabBarController.swift in Sources */,
				32EB37202B306CF20047F00C /* AppDelegate.swift in Sources */,
				32EB37222B306CF20047F00C /* SceneDelegate.swift in Sources */,
				32EB373B2B306F8A0047F00C /* RMLocation.swift in Sources */,
				32EB37482B30710E0047F00C /* RMSettingsViewController.swift in Sources */,
				32EB374A2B307FED0047F00C /* RMService.swift in Sources */,
				32EB373D2B306F9B0047F00C /* RMCharacter.swift in Sources */,
				32EB374E2B3080D00047F00C /* RMEndpoint.swift in Sources */,
				32EB37422B3070CC0047F00C /* RMCharacterViewController.swift in Sources */,
				32EB374C2B30801F0047F00C /* RMRequest.swift in Sources */,
				32EB37462B3070F60047F00C /* RMEpicodeViewController.swift in Sources */,
			);
			runOnlyForDeploymentPostprocessing = 0;
		};
/* End PBXSourcesBuildPhase section */

/* Begin PBXVariantGroup section */
		32EB372A2B306CF30047F00C /* LaunchScreen.storyboard */ = {
			isa = PBXVariantGroup;
			children = (
				32EB372B2B306CF30047F00C /* Base */,
			);
			name = LaunchScreen.storyboard;
			sourceTree = "<group>";
		};
/* End PBXVariantGroup section */

/* Begin XCBuildConfiguration section */
		32EB372E2B306CF30047F00C /* Debug */ = {
			isa = XCBuildConfiguration;
			buildSettings = {
				ALWAYS_SEARCH_USER_PATHS = NO;
				CLANG_ANALYZER_NONNULL = YES;
				CLANG_ANALYZER_NUMBER_OBJECT_CONVERSION = YES_AGGRESSIVE;
				CLANG_CXX_LANGUAGE_STANDARD = "gnu++20";
				CLANG_ENABLE_MODULES = YES;
				CLANG_ENABLE_OBJC_ARC = YES;
				CLANG_ENABLE_OBJC_WEAK = YES;
				CLANG_WARN_BLOCK_CAPTURE_AUTORELEASING = YES;
				CLANG_WARN_BOOL_CONVERSION = YES;
				CLANG_WARN_COMMA = YES;
				CLANG_WARN_CONSTANT_CONVERSION = YES;
				CLANG_WARN_DEPRECATED_OBJC_IMPLEMENTATIONS = YES;
				CLANG_WARN_DIRECT_OBJC_ISA_USAGE = YES_ERROR;
				CLANG_WARN_DOCUMENTATION_COMMENTS = YES;
				CLANG_WARN_EMPTY_BODY = YES;
				CLANG_WARN_ENUM_CONVERSION = YES;
				CLANG_WARN_INFINITE_RECURSION = YES;
				CLANG_WARN_INT_CONVERSION = YES;
				CLANG_WARN_NON_LITERAL_NULL_CONVERSION = YES;
				CLANG_WARN_OBJC_IMPLICIT_RETAIN_SELF = YES;
				CLANG_WARN_OBJC_LITERAL_CONVERSION = YES;
				CLANG_WARN_OBJC_ROOT_CLASS = YES_ERROR;
				CLANG_WARN_QUOTED_INCLUDE_IN_FRAMEWORK_HEADER = YES;
				CLANG_WARN_RANGE_LOOP_ANALYSIS = YES;
				CLANG_WARN_STRICT_PROTOTYPES = YES;
				CLANG_WARN_SUSPICIOUS_MOVE = YES;
				CLANG_WARN_UNGUARDED_AVAILABILITY = YES_AGGRESSIVE;
				CLANG_WARN_UNREACHABLE_CODE = YES;
				CLANG_WARN__DUPLICATE_METHOD_MATCH = YES;
				COPY_PHASE_STRIP = NO;
				DEBUG_INFORMATION_FORMAT = dwarf;
				ENABLE_STRICT_OBJC_MSGSEND = YES;
				ENABLE_TESTABILITY = YES;
				GCC_C_LANGUAGE_STANDARD = gnu11;
				GCC_DYNAMIC_NO_PIC = NO;
				GCC_NO_COMMON_BLOCKS = YES;
				GCC_OPTIMIZATION_LEVEL = 0;
				GCC_PREPROCESSOR_DEFINITIONS = (
					"DEBUG=1",
					"$(inherited)",
				);
				GCC_WARN_64_TO_32_BIT_CONVERSION = YES;
				GCC_WARN_ABOUT_RETURN_TYPE = YES_ERROR;
				GCC_WARN_UNDECLARED_SELECTOR = YES;
				GCC_WARN_UNINITIALIZED_AUTOS = YES_AGGRESSIVE;
				GCC_WARN_UNUSED_FUNCTION = YES;
				GCC_WARN_UNUSED_VARIABLE = YES;
				IPHONEOS_DEPLOYMENT_TARGET = 16.4;
				MTL_ENABLE_DEBUG_INFO = INCLUDE_SOURCE;
				MTL_FAST_MATH = YES;
				ONLY_ACTIVE_ARCH = YES;
				SDKROOT = iphoneos;
				SWIFT_ACTIVE_COMPILATION_CONDITIONS = DEBUG;
				SWIFT_OPTIMIZATION_LEVEL = "-Onone";
			};
			name = Debug;
		};
		32EB372F2B306CF30047F00C /* Release */ = {
			isa = XCBuildConfiguration;
			buildSettings = {
				ALWAYS_SEARCH_USER_PATHS = NO;
				CLANG_ANALYZER_NONNULL = YES;
				CLANG_ANALYZER_NUMBER_OBJECT_CONVERSION = YES_AGGRESSIVE;
				CLANG_CXX_LANGUAGE_STANDARD = "gnu++20";
				CLANG_ENABLE_MODULES = YES;
				CLANG_ENABLE_OBJC_ARC = YES;
				CLANG_ENABLE_OBJC_WEAK = YES;
				CLANG_WARN_BLOCK_CAPTURE_AUTORELEASING = YES;
				CLANG_WARN_BOOL_CONVERSION = YES;
				CLANG_WARN_COMMA = YES;
				CLANG_WARN_CONSTANT_CONVERSION = YES;
				CLANG_WARN_DEPRECATED_OBJC_IMPLEMENTATIONS = YES;
				CLANG_WARN_DIRECT_OBJC_ISA_USAGE = YES_ERROR;
				CLANG_WARN_DOCUMENTATION_COMMENTS = YES;
				CLANG_WARN_EMPTY_BODY = YES;
				CLANG_WARN_ENUM_CONVERSION = YES;
				CLANG_WARN_INFINITE_RECURSION = YES;
				CLANG_WARN_INT_CONVERSION = YES;
				CLANG_WARN_NON_LITERAL_NULL_CONVERSION = YES;
				CLANG_WARN_OBJC_IMPLICIT_RETAIN_SELF = YES;
				CLANG_WARN_OBJC_LITERAL_CONVERSION = YES;
				CLANG_WARN_OBJC_ROOT_CLASS = YES_ERROR;
				CLANG_WARN_QUOTED_INCLUDE_IN_FRAMEWORK_HEADER = YES;
				CLANG_WARN_RANGE_LOOP_ANALYSIS = YES;
				CLANG_WARN_STRICT_PROTOTYPES = YES;
				CLANG_WARN_SUSPICIOUS_MOVE = YES;
				CLANG_WARN_UNGUARDED_AVAILABILITY = YES_AGGRESSIVE;
				CLANG_WARN_UNREACHABLE_CODE = YES;
				CLANG_WARN__DUPLICATE_METHOD_MATCH = YES;
				COPY_PHASE_STRIP = NO;
				DEBUG_INFORMATION_FORMAT = "dwarf-with-dsym";
				ENABLE_NS_ASSERTIONS = NO;
				ENABLE_STRICT_OBJC_MSGSEND = YES;
				GCC_C_LANGUAGE_STANDARD = gnu11;
				GCC_NO_COMMON_BLOCKS = YES;
				GCC_WARN_64_TO_32_BIT_CONVERSION = YES;
				GCC_WARN_ABOUT_RETURN_TYPE = YES_ERROR;
				GCC_WARN_UNDECLARED_SELECTOR = YES;
				GCC_WARN_UNINITIALIZED_AUTOS = YES_AGGRESSIVE;
				GCC_WARN_UNUSED_FUNCTION = YES;
				GCC_WARN_UNUSED_VARIABLE = YES;
				IPHONEOS_DEPLOYMENT_TARGET = 16.4;
				MTL_ENABLE_DEBUG_INFO = NO;
				MTL_FAST_MATH = YES;
				SDKROOT = iphoneos;
				SWIFT_COMPILATION_MODE = wholemodule;
				SWIFT_OPTIMIZATION_LEVEL = "-O";
				VALIDATE_PRODUCT = YES;
			};
			name = Release;
		};
		32EB37312B306CF30047F00C /* Debug */ = {
			isa = XCBuildConfiguration;
			buildSettings = {
				ASSETCATALOG_COMPILER_APPICON_NAME = AppIcon;
				ASSETCATALOG_COMPILER_GLOBAL_ACCENT_COLOR_NAME = AccentColor;
				CODE_SIGN_STYLE = Automatic;
				CURRENT_PROJECT_VERSION = 1;
				DEVELOPMENT_TEAM = MU6RTL5NN9;
				GENERATE_INFOPLIST_FILE = YES;
				INFOPLIST_FILE = "Rick and Morty/Info.plist";
				INFOPLIST_KEY_UIApplicationSupportsIndirectInputEvents = YES;
				INFOPLIST_KEY_UILaunchStoryboardName = LaunchScreen;
				INFOPLIST_KEY_UISupportedInterfaceOrientations_iPad = "UIInterfaceOrientationPortrait UIInterfaceOrientationPortraitUpsideDown UIInterfaceOrientationLandscapeLeft UIInterfaceOrientationLandscapeRight";
				INFOPLIST_KEY_UISupportedInterfaceOrientations_iPhone = "UIInterfaceOrientationPortrait UIInterfaceOrientationLandscapeLeft UIInterfaceOrientationLandscapeRight";
				LD_RUNPATH_SEARCH_PATHS = (
					"$(inherited)",
					"@executable_path/Frameworks",
				);
				MARKETING_VERSION = 1.0;
				PRODUCT_BUNDLE_IDENTIFIER = "devgod.Rick-and-Morty";
				PRODUCT_NAME = "$(TARGET_NAME)";
				SWIFT_EMIT_LOC_STRINGS = YES;
				SWIFT_VERSION = 5.0;
				TARGETED_DEVICE_FAMILY = "1,2";
			};
			name = Debug;
		};
		32EB37322B306CF30047F00C /* Release */ = {
			isa = XCBuildConfiguration;
			buildSettings = {
				ASSETCATALOG_COMPILER_APPICON_NAME = AppIcon;
				ASSETCATALOG_COMPILER_GLOBAL_ACCENT_COLOR_NAME = AccentColor;
				CODE_SIGN_STYLE = Automatic;
				CURRENT_PROJECT_VERSION = 1;
				DEVELOPMENT_TEAM = MU6RTL5NN9;
				GENERATE_INFOPLIST_FILE = YES;
				INFOPLIST_FILE = "Rick and Morty/Info.plist";
				INFOPLIST_KEY_UIApplicationSupportsIndirectInputEvents = YES;
				INFOPLIST_KEY_UILaunchStoryboardName = LaunchScreen;
				INFOPLIST_KEY_UISupportedInterfaceOrientations_iPad = "UIInterfaceOrientationPortrait UIInterfaceOrientationPortraitUpsideDown UIInterfaceOrientationLandscapeLeft UIInterfaceOrientationLandscapeRight";
				INFOPLIST_KEY_UISupportedInterfaceOrientations_iPhone = "UIInterfaceOrientationPortrait UIInterfaceOrientationLandscapeLeft UIInterfaceOrientationLandscapeRight";
				LD_RUNPATH_SEARCH_PATHS = (
					"$(inherited)",
					"@executable_path/Frameworks",
				);
				MARKETING_VERSION = 1.0;
				PRODUCT_BUNDLE_IDENTIFIER = "devgod.Rick-and-Morty";
				PRODUCT_NAME = "$(TARGET_NAME)";
				SWIFT_EMIT_LOC_STRINGS = YES;
				SWIFT_VERSION = 5.0;
				TARGETED_DEVICE_FAMILY = "1,2";
			};
			name = Release;
		};
/* End XCBuildConfiguration section */

/* Begin XCConfigurationList section */
		32EB37172B306CF20047F00C /* Build configuration list for PBXProject "Rick and Morty" */ = {
			isa = XCConfigurationList;
			buildConfigurations = (
				32EB372E2B306CF30047F00C /* Debug */,
				32EB372F2B306CF30047F00C /* Release */,
			);
			defaultConfigurationIsVisible = 0;
			defaultConfigurationName = Release;
		};
		32EB37302B306CF30047F00C /* Build configuration list for PBXNativeTarget "Rick and Morty" */ = {
			isa = XCConfigurationList;
			buildConfigurations = (
				32EB37312B306CF30047F00C /* Debug */,
				32EB37322B306CF30047F00C /* Release */,
			);
			defaultConfigurationIsVisible = 0;
			defaultConfigurationName = Release;
		};
/* End XCConfigurationList section */
	};
	rootObject = 32EB37142B306CF20047F00C /* Project object */;
}
